
Microsoft Visual Studio Solution File, Format Version 12.00
Project("{FAE04EC0-301F-11D3-BF4B-00C04F79EFBC}") = "Krypto-One-Time-Pad", "Krypto-One-Time-Pad\Krypto-One-Time-Pad.csproj", "{0F4F4C05-A0A9-4A74-B5FF-F07DF14399E2}"
EndProject
Global
	GlobalSection(SolutionConfigurationPlatforms) = preSolution
		Debug|Any CPU = Debug|Any CPU
		Release|Any CPU = Release|Any CPU
	EndGlobalSection
	GlobalSection(ProjectConfigurationPlatforms) = postSolution
		{0F4F4C05-A0A9-4A74-B5FF-F07DF14399E2}.Debug|Any CPU.ActiveCfg = Debug|Any CPU
		{0F4F4C05-A0A9-4A74-B5FF-F07DF14399E2}.Debug|Any CPU.Build.0 = Debug|Any CPU
		{0F4F4C05-A0A9-4A74-B5FF-F07DF14399E2}.Release|Any CPU.ActiveCfg = Release|Any CPU
		{0F4F4C05-A0A9-4A74-B5FF-F07DF14399E2}.Release|Any CPU.Build.0 = Release|Any CPU
	EndGlobalSection
EndGlobal
